
Microsoft Visual Studio Solution File, Format Version 12.00
# Visual Studio Version 17
VisualStudioVersion = 17.5.33414.496
MinimumVisualStudioVersion = 10.0.40219.1
Project("{FAE04EC0-301F-11D3-BF4B-00C04F79EFBC}") = "2080600047", "2080600047\2080600047.csproj", "{166F4E21-EEA2-4567-BD75-6BDB770E49D4}"
EndProject
Global
	GlobalSection(SolutionConfigurationPlatforms) = preSolution
		Debug|Any CPU = Debug|Any CPU
		Release|Any CPU = Release|Any CPU
	EndGlobalSection
	GlobalSection(ProjectConfigurationPlatforms) = postSolution
		{166F4E21-EEA2-4567-BD75-6BDB770E49D4}.Debug|Any CPU.ActiveCfg = Debug|Any CPU
		{166F4E21-EEA2-4567-BD75-6BDB770E49D4}.Debug|Any CPU.Build.0 = Debug|Any CPU
		{166F4E21-EEA2-4567-BD75-6BDB770E49D4}.Release|Any CPU.ActiveCfg = Release|Any CPU
		{166F4E21-EEA2-4567-BD75-6BDB770E49D4}.Release|Any CPU.Build.0 = Release|Any CPU
	EndGlobalSection
	GlobalSection(SolutionProperties) = preSolution
		HideSolutionNode = FALSE
	EndGlobalSection
	GlobalSection(ExtensibilityGlobals) = postSolution
		SolutionGuid = {15A2599B-91F7-489E-A9AB-D588365D71D3}
	EndGlobalSection
EndGlobal
